
Microsoft Visual Studio Solution File, Format Version 12.00
# Visual Studio Version 17
VisualStudioVersion = 17.6.33723.286
MinimumVisualStudioVersion = 10.0.40219.1
Project("{FAE04EC0-301F-11D3-BF4B-00C04F79EFBC}") = "MoverX_Evalart", "MoverX_Evalart\MoverX_Evalart.csproj", "{072E82E4-8868-4E0B-AAC3-812E51FDDDBC}"
EndProject
Global
	GlobalSection(SolutionConfigurationPlatforms) = preSolution
		Debug|Any CPU = Debug|Any CPU
		Release|Any CPU = Release|Any CPU
	EndGlobalSection
	GlobalSection(ProjectConfigurationPlatforms) = postSolution
		{072E82E4-8868-4E0B-AAC3-812E51FDDDBC}.Debug|Any CPU.ActiveCfg = Debug|Any CPU
		{072E82E4-8868-4E0B-AAC3-812E51FDDDBC}.Debug|Any CPU.Build.0 = Debug|Any CPU
		{072E82E4-8868-4E0B-AAC3-812E51FDDDBC}.Release|Any CPU.ActiveCfg = Release|Any CPU
		{072E82E4-8868-4E0B-AAC3-812E51FDDDBC}.Release|Any CPU.Build.0 = Release|Any CPU
	EndGlobalSection
	GlobalSection(SolutionProperties) = preSolution
		HideSolutionNode = FALSE
	EndGlobalSection
	GlobalSection(ExtensibilityGlobals) = postSolution
		SolutionGuid = {0783AEA9-5B5A-4B86-A55F-EA86D7763AD2}
	EndGlobalSection
EndGlobal
